
Microsoft Visual Studio Solution File, Format Version 12.00
# Visual Studio Version 17
VisualStudioVersion = 17.13.35818.85 d17.13
MinimumVisualStudioVersion = 10.0.40219.1
Project("{FAE04EC0-301F-11D3-BF4B-00C04F79EFBC}") = "WpfExample", "WpfExample\WpfExample.csproj", "{931C74EC-76AC-4715-A5CB-04C497BFB5E0}"
EndProject
Global
	GlobalSection(SolutionConfigurationPlatforms) = preSolution
		Debug|Any CPU = Debug|Any CPU
		Release|Any CPU = Release|Any CPU
	EndGlobalSection
	GlobalSection(ProjectConfigurationPlatforms) = postSolution
		{931C74EC-76AC-4715-A5CB-04C497BFB5E0}.Debug|Any CPU.ActiveCfg = Debug|Any CPU
		{931C74EC-76AC-4715-A5CB-04C497BFB5E0}.Debug|Any CPU.Build.0 = Debug|Any CPU
		{931C74EC-76AC-4715-A5CB-04C497BFB5E0}.Release|Any CPU.ActiveCfg = Release|Any CPU
		{931C74EC-76AC-4715-A5CB-04C497BFB5E0}.Release|Any CPU.Build.0 = Release|Any CPU
	EndGlobalSection
	GlobalSection(SolutionProperties) = preSolution
		HideSolutionNode = FALSE
	EndGlobalSection
	GlobalSection(ExtensibilityGlobals) = postSolution
		SolutionGuid = {CAE047B8-3347-4871-834C-29A43B17F8C4}
	EndGlobalSection
EndGlobal
